{"filter":false,"title":"yarn.lock","tooltip":"/rubygems/yarn.lock","undoManager":{"mark":-1,"position":-1,"stack":[]},"ace":{"folds":[],"scrolltop":960,"scrollleft":0,"selection":{"start":{"row":0,"column":0},"end":{"row":0,"column":0},"isBackwards":false},"options":{"guessTabSize":true,"useWrapMode":false,"wrapToView":true},"firstLineState":{"row":67,"state":"start","mode":"ace/mode/text"}},"timestamp":1600742381286,"hash":"6599c9d79a95136b113d8cc49d6b1c5d56dcc876"}